
Microsoft Visual Studio Solution File, Format Version 12.00
# Visual Studio Version 17
VisualStudioVersion = 17.0.31903.59
MinimumVisualStudioVersion = 10.0.40219.1
Project("{2150E333-8FDC-42A3-9474-1A3956D46DE8}") = "dictionary", "dictionary", "{FF6C495A-D02B-4A6E-8054-CB9A9160F4CB}"
EndProject
Project("{FAE04EC0-301F-11D3-BF4B-00C04F79EFBC}") = "dictionary", "dictionary\dictionary.csproj", "{2442CF44-4DB1-44CC-A659-81C7045FA3CA}"
EndProject
Project("{FAE04EC0-301F-11D3-BF4B-00C04F79EFBC}") = "randomnumber", "randomnumber\randomnumber.csproj", "{CE85CCA7-20BC-4855-9CB2-EA8557C7861C}"
EndProject
Project("{FAE04EC0-301F-11D3-BF4B-00C04F79EFBC}") = "foobar", "foobar\foobar.csproj", "{738585D6-E5C1-4BFC-ACC1-FA8DF4081162}"
EndProject
Project("{FAE04EC0-301F-11D3-BF4B-00C04F79EFBC}") = "Scrambel", "Scrambel\Scrambel.csproj", "{8FBD8B14-31AF-417A-81F3-FFD50D448501}"
EndProject
Project("{FAE04EC0-301F-11D3-BF4B-00C04F79EFBC}") = "TrialScrambel", "TrialScrambel\TrialScrambel.csproj", "{733523A2-C79E-45EF-957A-F742C4A77A22}"
EndProject
Project("{2150E333-8FDC-42A3-9474-1A3956D46DE8}") = "ScrambelProject", "ScrambelProject", "{246D3930-8C36-41F8-A3EF-0BCBEAE6F5EF}"
EndProject
Global
	GlobalSection(SolutionConfigurationPlatforms) = preSolution
		Debug|Any CPU = Debug|Any CPU
		Release|Any CPU = Release|Any CPU
	EndGlobalSection
	GlobalSection(SolutionProperties) = preSolution
		HideSolutionNode = FALSE
	EndGlobalSection
	GlobalSection(ProjectConfigurationPlatforms) = postSolution
		{2442CF44-4DB1-44CC-A659-81C7045FA3CA}.Debug|Any CPU.ActiveCfg = Debug|Any CPU
		{2442CF44-4DB1-44CC-A659-81C7045FA3CA}.Debug|Any CPU.Build.0 = Debug|Any CPU
		{2442CF44-4DB1-44CC-A659-81C7045FA3CA}.Release|Any CPU.ActiveCfg = Release|Any CPU
		{2442CF44-4DB1-44CC-A659-81C7045FA3CA}.Release|Any CPU.Build.0 = Release|Any CPU
		{CE85CCA7-20BC-4855-9CB2-EA8557C7861C}.Debug|Any CPU.ActiveCfg = Debug|Any CPU
		{CE85CCA7-20BC-4855-9CB2-EA8557C7861C}.Debug|Any CPU.Build.0 = Debug|Any CPU
		{CE85CCA7-20BC-4855-9CB2-EA8557C7861C}.Release|Any CPU.ActiveCfg = Release|Any CPU
		{CE85CCA7-20BC-4855-9CB2-EA8557C7861C}.Release|Any CPU.Build.0 = Release|Any CPU
		{738585D6-E5C1-4BFC-ACC1-FA8DF4081162}.Debug|Any CPU.ActiveCfg = Debug|Any CPU
		{738585D6-E5C1-4BFC-ACC1-FA8DF4081162}.Debug|Any CPU.Build.0 = Debug|Any CPU
		{738585D6-E5C1-4BFC-ACC1-FA8DF4081162}.Release|Any CPU.ActiveCfg = Release|Any CPU
		{738585D6-E5C1-4BFC-ACC1-FA8DF4081162}.Release|Any CPU.Build.0 = Release|Any CPU
		{8FBD8B14-31AF-417A-81F3-FFD50D448501}.Debug|Any CPU.ActiveCfg = Debug|Any CPU
		{8FBD8B14-31AF-417A-81F3-FFD50D448501}.Debug|Any CPU.Build.0 = Debug|Any CPU
		{8FBD8B14-31AF-417A-81F3-FFD50D448501}.Release|Any CPU.ActiveCfg = Release|Any CPU
		{8FBD8B14-31AF-417A-81F3-FFD50D448501}.Release|Any CPU.Build.0 = Release|Any CPU
		{733523A2-C79E-45EF-957A-F742C4A77A22}.Debug|Any CPU.ActiveCfg = Debug|Any CPU
		{733523A2-C79E-45EF-957A-F742C4A77A22}.Debug|Any CPU.Build.0 = Debug|Any CPU
		{733523A2-C79E-45EF-957A-F742C4A77A22}.Release|Any CPU.ActiveCfg = Release|Any CPU
		{733523A2-C79E-45EF-957A-F742C4A77A22}.Release|Any CPU.Build.0 = Release|Any CPU
	EndGlobalSection
	GlobalSection(NestedProjects) = preSolution
		{8FBD8B14-31AF-417A-81F3-FFD50D448501} = {246D3930-8C36-41F8-A3EF-0BCBEAE6F5EF}
		{733523A2-C79E-45EF-957A-F742C4A77A22} = {246D3930-8C36-41F8-A3EF-0BCBEAE6F5EF}
		{738585D6-E5C1-4BFC-ACC1-FA8DF4081162} = {FF6C495A-D02B-4A6E-8054-CB9A9160F4CB}
		{CE85CCA7-20BC-4855-9CB2-EA8557C7861C} = {FF6C495A-D02B-4A6E-8054-CB9A9160F4CB}
		{2442CF44-4DB1-44CC-A659-81C7045FA3CA} = {FF6C495A-D02B-4A6E-8054-CB9A9160F4CB}
	EndGlobalSection
EndGlobal
